
Microsoft Visual Studio Solution File, Format Version 12.00
# Visual Studio Version 16
VisualStudioVersion = 16.0.30517.126
MinimumVisualStudioVersion = 10.0.40219.1
Project("{FAE04EC0-301F-11D3-BF4B-00C04F79EFBC}") = "ChuckConsole", "ChuckConsole\ChuckConsole.csproj", "{9C7E8375-6BA9-4758-8A62-509FA2BE7E56}"
EndProject
Project("{FAE04EC0-301F-11D3-BF4B-00C04F79EFBC}") = "ChuckForm", "ChuckForm\ChuckForm.csproj", "{C8D5ABCB-5096-4891-A827-5DFF64C433DE}"
EndProject
Global
	GlobalSection(SolutionConfigurationPlatforms) = preSolution
		Debug|Any CPU = Debug|Any CPU
		Release|Any CPU = Release|Any CPU
	EndGlobalSection
	GlobalSection(ProjectConfigurationPlatforms) = postSolution
		{9C7E8375-6BA9-4758-8A62-509FA2BE7E56}.Debug|Any CPU.ActiveCfg = Debug|Any CPU
		{9C7E8375-6BA9-4758-8A62-509FA2BE7E56}.Debug|Any CPU.Build.0 = Debug|Any CPU
		{9C7E8375-6BA9-4758-8A62-509FA2BE7E56}.Release|Any CPU.ActiveCfg = Release|Any CPU
		{9C7E8375-6BA9-4758-8A62-509FA2BE7E56}.Release|Any CPU.Build.0 = Release|Any CPU
		{C8D5ABCB-5096-4891-A827-5DFF64C433DE}.Debug|Any CPU.ActiveCfg = Debug|Any CPU
		{C8D5ABCB-5096-4891-A827-5DFF64C433DE}.Debug|Any CPU.Build.0 = Debug|Any CPU
		{C8D5ABCB-5096-4891-A827-5DFF64C433DE}.Release|Any CPU.ActiveCfg = Release|Any CPU
		{C8D5ABCB-5096-4891-A827-5DFF64C433DE}.Release|Any CPU.Build.0 = Release|Any CPU
	EndGlobalSection
	GlobalSection(SolutionProperties) = preSolution
		HideSolutionNode = FALSE
	EndGlobalSection
	GlobalSection(ExtensibilityGlobals) = postSolution
		SolutionGuid = {8AD796DD-434E-4767-9338-EAC67A2D4E27}
	EndGlobalSection
EndGlobal
